
Microsoft Visual Studio Solution File, Format Version 12.00
# Visual Studio 15
VisualStudioVersion = 15.0.28307.645
MinimumVisualStudioVersion = 10.0.40219.1
Project("{9A19103F-16F7-4668-BE54-9A1E7A4F7556}") = "BackendFramework", "BackendFramework\BackendFramework.csproj", "{62304386-7B18-44C0-A2BD-3F333EE51FB0}"
EndProject
Project("{2150E333-8FDC-42A3-9474-1A3956D46DE8}") = "Services", "Services", "{D6D16BCD-9EC2-4D21-B2E4-FEC489579B9E}"
	ProjectSection(SolutionItems) = preProject
		WordApiServices.cs = WordApiServices.cs
	EndProjectSection
EndProject
Global
	GlobalSection(SolutionConfigurationPlatforms) = preSolution
		Debug|Any CPU = Debug|Any CPU
		Release|Any CPU = Release|Any CPU
	EndGlobalSection
	GlobalSection(ProjectConfigurationPlatforms) = postSolution
		{62304386-7B18-44C0-A2BD-3F333EE51FB0}.Debug|Any CPU.ActiveCfg = Debug|Any CPU
		{62304386-7B18-44C0-A2BD-3F333EE51FB0}.Debug|Any CPU.Build.0 = Debug|Any CPU
		{62304386-7B18-44C0-A2BD-3F333EE51FB0}.Release|Any CPU.ActiveCfg = Release|Any CPU
		{62304386-7B18-44C0-A2BD-3F333EE51FB0}.Release|Any CPU.Build.0 = Release|Any CPU
	EndGlobalSection
	GlobalSection(SolutionProperties) = preSolution
		HideSolutionNode = FALSE
	EndGlobalSection
	GlobalSection(ExtensibilityGlobals) = postSolution
		SolutionGuid = {E9D48B67-9A85-4E7B-BE1A-F530F724AD8E}
	EndGlobalSection
EndGlobal
