
Microsoft Visual Studio Solution File, Format Version 12.00
# Visual Studio 15
VisualStudioVersion = 15.0.28307.329
MinimumVisualStudioVersion = 10.0.40219.1
Project("{9A19103F-16F7-4668-BE54-9A1E7A4F7556}") = "BackendFramework", "Backend\BackendFramework.csproj", "{C00F1501-A515-45DD-BB77-7A985BCCBF10}"
EndProject
Project("{9A19103F-16F7-4668-BE54-9A1E7A4F7556}") = "Backend.Tests", "Backend.Tests\Backend.Tests.csproj", "{D0977738-E5D1-406D-90D4-3C3D3D145F42}"
EndProject
Global
	GlobalSection(SolutionConfigurationPlatforms) = preSolution
		Debug|Any CPU = Debug|Any CPU
		Release|Any CPU = Release|Any CPU
	EndGlobalSection
	GlobalSection(ProjectConfigurationPlatforms) = postSolution
		{C00F1501-A515-45DD-BB77-7A985BCCBF10}.Debug|Any CPU.ActiveCfg = Debug|Any CPU
		{C00F1501-A515-45DD-BB77-7A985BCCBF10}.Debug|Any CPU.Build.0 = Debug|Any CPU
		{C00F1501-A515-45DD-BB77-7A985BCCBF10}.Release|Any CPU.ActiveCfg = Release|Any CPU
		{C00F1501-A515-45DD-BB77-7A985BCCBF10}.Release|Any CPU.Build.0 = Release|Any CPU
		{D0977738-E5D1-406D-90D4-3C3D3D145F42}.Debug|Any CPU.ActiveCfg = Debug|Any CPU
		{D0977738-E5D1-406D-90D4-3C3D3D145F42}.Debug|Any CPU.Build.0 = Debug|Any CPU
		{D0977738-E5D1-406D-90D4-3C3D3D145F42}.Release|Any CPU.ActiveCfg = Release|Any CPU
		{D0977738-E5D1-406D-90D4-3C3D3D145F42}.Release|Any CPU.Build.0 = Release|Any CPU
	EndGlobalSection
	GlobalSection(SolutionProperties) = preSolution
		HideSolutionNode = FALSE
	EndGlobalSection
	GlobalSection(ExtensibilityGlobals) = postSolution
		SolutionGuid = {5E9FAF52-1703-4DFE-88CF-0CC169951C6B}
	EndGlobalSection
EndGlobal
